
Microsoft Visual Studio Solution File, Format Version 12.00
# Visual Studio Version 16
VisualStudioVersion = 16.0.29709.97
MinimumVisualStudioVersion = 10.0.40219.1
Project("{2150E333-8FDC-42A3-9474-1A3956D46DE8}") = "Solution Items", "Solution Items", "{27C8B175-6555-4591-87B1-177A2874FEA9}"
	ProjectSection(SolutionItems) = preProject
		NuGet.Config = NuGet.Config
	EndProjectSection
EndProject
Project("{2150E333-8FDC-42A3-9474-1A3956D46DE8}") = "Src", "Src", "{AE89AB5E-BC68-4AA3-9183-A222AC81691C}"
EndProject
Project("{2150E333-8FDC-42A3-9474-1A3956D46DE8}") = "Samples", "Samples", "{866E1395-DA55-4E79-B3AA-E610D97BEF18}"
EndProject
Project("{2150E333-8FDC-42A3-9474-1A3956D46DE8}") = "Specs", "Specs", "{15D45AC7-E234-431A-8EF9-0A3311A33926}"
EndProject
Project("{FAE04EC0-301F-11D3-BF4B-00C04F79EFBC}") = "LiquidProjections.Specs", "Tests\LiquidProjections.Specs\LiquidProjections.Specs.csproj", "{F52732CA-C925-4DF6-A477-F5F441869735}"
EndProject
Project("{FAE04EC0-301F-11D3-BF4B-00C04F79EFBC}") = "ExampleHost", "Samples\ExampleHost\ExampleHost.csproj", "{1B10C576-5212-402E-AC19-8CA1547E3F34}"
EndProject
Project("{9A19103F-16F7-4668-BE54-9A1E7A4F7556}") = "LiquidProjections", "Src\LiquidProjections\LiquidProjections.csproj", "{7B47454D-0129-43CB-AED5-27AFAFDB5D7C}"
EndProject
Project("{9A19103F-16F7-4668-BE54-9A1E7A4F7556}") = "LiquidProjections.Testing", "Src\LiquidProjections.Testing\LiquidProjections.Testing.csproj", "{B4EA7831-8282-4F3A-A057-2DEB59611A68}"
EndProject
Project("{FAE04EC0-301F-11D3-BF4B-00C04F79EFBC}") = "LiquidProjections.Owin", "Src\LiquidProjections.Owin\LiquidProjections.Owin.csproj", "{43C0A9ED-8094-4646-85A4-6EAA03505A20}"
EndProject
Global
	GlobalSection(SolutionConfigurationPlatforms) = preSolution
		Debug|Any CPU = Debug|Any CPU
		Release|Any CPU = Release|Any CPU
	EndGlobalSection
	GlobalSection(ProjectConfigurationPlatforms) = postSolution
		{F52732CA-C925-4DF6-A477-F5F441869735}.Debug|Any CPU.ActiveCfg = Debug|Any CPU
		{F52732CA-C925-4DF6-A477-F5F441869735}.Debug|Any CPU.Build.0 = Debug|Any CPU
		{F52732CA-C925-4DF6-A477-F5F441869735}.Release|Any CPU.ActiveCfg = Release|Any CPU
		{F52732CA-C925-4DF6-A477-F5F441869735}.Release|Any CPU.Build.0 = Release|Any CPU
		{1B10C576-5212-402E-AC19-8CA1547E3F34}.Debug|Any CPU.ActiveCfg = Debug|Any CPU
		{1B10C576-5212-402E-AC19-8CA1547E3F34}.Debug|Any CPU.Build.0 = Debug|Any CPU
		{1B10C576-5212-402E-AC19-8CA1547E3F34}.Release|Any CPU.ActiveCfg = Release|Any CPU
		{1B10C576-5212-402E-AC19-8CA1547E3F34}.Release|Any CPU.Build.0 = Release|Any CPU
		{7B47454D-0129-43CB-AED5-27AFAFDB5D7C}.Debug|Any CPU.ActiveCfg = Debug|Any CPU
		{7B47454D-0129-43CB-AED5-27AFAFDB5D7C}.Debug|Any CPU.Build.0 = Debug|Any CPU
		{7B47454D-0129-43CB-AED5-27AFAFDB5D7C}.Release|Any CPU.ActiveCfg = Release|Any CPU
		{7B47454D-0129-43CB-AED5-27AFAFDB5D7C}.Release|Any CPU.Build.0 = Release|Any CPU
		{B4EA7831-8282-4F3A-A057-2DEB59611A68}.Debug|Any CPU.ActiveCfg = Debug|Any CPU
		{B4EA7831-8282-4F3A-A057-2DEB59611A68}.Debug|Any CPU.Build.0 = Debug|Any CPU
		{B4EA7831-8282-4F3A-A057-2DEB59611A68}.Release|Any CPU.ActiveCfg = Release|Any CPU
		{B4EA7831-8282-4F3A-A057-2DEB59611A68}.Release|Any CPU.Build.0 = Release|Any CPU
		{43C0A9ED-8094-4646-85A4-6EAA03505A20}.Debug|Any CPU.ActiveCfg = Debug|Any CPU
		{43C0A9ED-8094-4646-85A4-6EAA03505A20}.Debug|Any CPU.Build.0 = Debug|Any CPU
		{43C0A9ED-8094-4646-85A4-6EAA03505A20}.Release|Any CPU.ActiveCfg = Release|Any CPU
		{43C0A9ED-8094-4646-85A4-6EAA03505A20}.Release|Any CPU.Build.0 = Release|Any CPU
	EndGlobalSection
	GlobalSection(SolutionProperties) = preSolution
		HideSolutionNode = FALSE
	EndGlobalSection
	GlobalSection(NestedProjects) = preSolution
		{F52732CA-C925-4DF6-A477-F5F441869735} = {15D45AC7-E234-431A-8EF9-0A3311A33926}
		{1B10C576-5212-402E-AC19-8CA1547E3F34} = {866E1395-DA55-4E79-B3AA-E610D97BEF18}
		{7B47454D-0129-43CB-AED5-27AFAFDB5D7C} = {AE89AB5E-BC68-4AA3-9183-A222AC81691C}
		{B4EA7831-8282-4F3A-A057-2DEB59611A68} = {AE89AB5E-BC68-4AA3-9183-A222AC81691C}
		{43C0A9ED-8094-4646-85A4-6EAA03505A20} = {AE89AB5E-BC68-4AA3-9183-A222AC81691C}
	EndGlobalSection
	GlobalSection(ExtensibilityGlobals) = postSolution
		SolutionGuid = {E38D2873-CF41-4906-9710-B3A0EFB24BA5}
	EndGlobalSection
EndGlobal
